// !$*UTF8*$!
{
	archiveVersion = 1;
	classes = {
	};
	objectVersion = 46;
	objects = {

/* Begin PBXBuildFile section */
		297E387918EA71EA00C0A2B5 /* Foundation.framework in Frameworks */ = {isa = PBXBuildFile; fileRef = 297E387818EA71EA00C0A2B5 /* Foundation.framework */; };
		297E387B18EA71EA00C0A2B5 /* CoreGraphics.framework in Frameworks */ = {isa = PBXBuildFile; fileRef = 297E387A18EA71EA00C0A2B5 /* CoreGraphics.framework */; };
		297E387D18EA71EA00C0A2B5 /* UIKit.framework in Frameworks */ = {isa = PBXBuildFile; fileRef = 297E387C18EA71EA00C0A2B5 /* UIKit.framework */; };
		297E388318EA71EA00C0A2B5 /* InfoPlist.strings in Resources */ = {isa = PBXBuildFile; fileRef = 297E388118EA71EA00C0A2B5 /* InfoPlist.strings */; };
		297E388518EA71EA00C0A2B5 /* main.m in Sources */ = {isa = PBXBuildFile; fileRef = 297E388418EA71EA00C0A2B5 /* main.m */; };
		297E388918EA71EA00C0A2B5 /* AppDelegate.m in Sources */ = {isa = PBXBuildFile; fileRef = 297E388818EA71EA00C0A2B5 /* AppDelegate.m */; };
		297E388B18EA71EA00C0A2B5 /* Images.xcassets in Resources */ = {isa = PBXBuildFile; fileRef = 297E388A18EA71EA00C0A2B5 /* Images.xcassets */; };
		297E389218EA71EA00C0A2B5 /* XCTest.framework in Frameworks */ = {isa = PBXBuildFile; fileRef = 297E389118EA71EA00C0A2B5 /* XCTest.framework */; };
		297E389318EA71EA00C0A2B5 /* Foundation.framework in Frameworks */ = {isa = PBXBuildFile; fileRef = 297E387818EA71EA00C0A2B5 /* Foundation.framework */; };
		297E389418EA71EA00C0A2B5 /* UIKit.framework in Frameworks */ = {isa = PBXBuildFile; fileRef = 297E387C18EA71EA00C0A2B5 /* UIKit.framework */; };
		297E389C18EA71EA00C0A2B5 /* InfoPlist.strings in Resources */ = {isa = PBXBuildFile; fileRef = 297E389A18EA71EA00C0A2B5 /* InfoPlist.strings */; };
		297E389E18EA71EA00C0A2B5 /* FaceppDemoTests.m in Sources */ = {isa = PBXBuildFile; fileRef = 297E389D18EA71EA00C0A2B5 /* FaceppDemoTests.m */; };
		297E38AC18EA734700C0A2B5 /* FaceppDetection+LocalResultUploader.m in Sources */ = {isa = PBXBuildFile; fileRef = 297E38A918EA734700C0A2B5 /* FaceppDetection+LocalResultUploader.m */; };
		297E38AD18EA734700C0A2B5 /* libFaceppLocalDetector.a in Frameworks */ = {isa = PBXBuildFile; fileRef = 297E38AB18EA734700C0A2B5 /* libFaceppLocalDetector.a */; };
		297E38C918EA738700C0A2B5 /* FaceppAPI.m in Sources */ = {isa = PBXBuildFile; fileRef = 297E38B018EA738700C0A2B5 /* FaceppAPI.m */; };
		297E38CA18EA738700C0A2B5 /* FaceppClient.m in Sources */ = {isa = PBXBuildFile; fileRef = 297E38B318EA738700C0A2B5 /* FaceppClient.m */; };
		297E38CB18EA738700C0A2B5 /* FaceppDetection.m in Sources */ = {isa = PBXBuildFile; fileRef = 297E38B518EA738700C0A2B5 /* FaceppDetection.m */; };
		297E38CC18EA738700C0A2B5 /* FaceppFaceset.m in Sources */ = {isa = PBXBuildFile; fileRef = 297E38B718EA738700C0A2B5 /* FaceppFaceset.m */; };
		297E38CD18EA738700C0A2B5 /* FaceppGroup.m in Sources */ = {isa = PBXBuildFile; fileRef = 297E38B918EA738700C0A2B5 /* FaceppGroup.m */; };
		297E38CE18EA738700C0A2B5 /* FaceppGrouping.m in Sources */ = {isa = PBXBuildFile; fileRef = 297E38BB18EA738700C0A2B5 /* FaceppGrouping.m */; };
		297E38CF18EA738700C0A2B5 /* FaceppInfo.m in Sources */ = {isa = PBXBuildFile; fileRef = 297E38BD18EA738700C0A2B5 /* FaceppInfo.m */; };
		297E38D018EA738700C0A2B5 /* FaceppPerson.m in Sources */ = {isa = PBXBuildFile; fileRef = 297E38BF18EA738700C0A2B5 /* FaceppPerson.m */; };
		297E38D118EA738700C0A2B5 /* FaceppRecognition.m in Sources */ = {isa = PBXBuildFile; fileRef = 297E38C118EA738700C0A2B5 /* FaceppRecognition.m */; };
		297E38D218EA738700C0A2B5 /* FaceppTrainer.m in Sources */ = {isa = PBXBuildFile; fileRef = 297E38C318EA738700C0A2B5 /* FaceppTrainer.m */; };
		297E38D318EA738700C0A2B5 /* FaceppError.m in Sources */ = {isa = PBXBuildFile; fileRef = 297E38C618EA738700C0A2B5 /* FaceppError.m */; };
		297E38D418EA738700C0A2B5 /* FaceppResult.m in Sources */ = {isa = PBXBuildFile; fileRef = 297E38C818EA738700C0A2B5 /* FaceppResult.m */; };
		297E38D718EA745400C0A2B5 /* RootViewController.m in Sources */ = {isa = PBXBuildFile; fileRef = 297E38D618EA745400C0A2B5 /* RootViewController.m */; };
		29AD7D3118EAAB5C00B4FA34 /* AVFoundation.framework in Frameworks */ = {isa = PBXBuildFile; fileRef = 29AD7D3018EAAB5C00B4FA34 /* AVFoundation.framework */; };
		29AD7D3418EAAB7C00B4FA34 /* SVideoCaptureManager.m in Sources */ = {isa = PBXBuildFile; fileRef = 29AD7D3318EAAB7C00B4FA34 /* SVideoCaptureManager.m */; };
		29AD7D3618EAC85E00B4FA34 /* CoreMedia.framework in Frameworks */ = {isa = PBXBuildFile; fileRef = 29AD7D3518EAC85E00B4FA34 /* CoreMedia.framework */; };
		29AD7D3918EACDCA00B4FA34 /* FDetectViewController.m in Sources */ = {isa = PBXBuildFile; fileRef = 29AD7D3818EACDCA00B4FA34 /* FDetectViewController.m */; };
		29AD7D3C18EACE5400B4FA34 /* FLocalDetectViewController.mm in Sources */ = {isa = PBXBuildFile; fileRef = 29AD7D3B18EACE5400B4FA34 /* FLocalDetectViewController.mm */; };
		29AD7D3F18EAD6D300B4FA34 /* FVideoViewController.m in Sources */ = {isa = PBXBuildFile; fileRef = 29AD7D3E18EAD6D300B4FA34 /* FVideoViewController.m */; };
		29AD7D4218EBBF6100B4FA34 /* FHelper.m in Sources */ = {isa = PBXBuildFile; fileRef = 29AD7D4118EBBF6100B4FA34 /* FHelper.m */; };
/* End PBXBuildFile section */

/* Begin PBXContainerItemProxy section */
		297E389518EA71EA00C0A2B5 /* PBXContainerItemProxy */ = {
			isa = PBXContainerItemProxy;
			containerPortal = 297E386D18EA71EA00C0A2B5 /* Project object */;
			proxyType = 1;
			remoteGlobalIDString = 297E387418EA71EA00C0A2B5;
			remoteInfo = FaceppDemo;
		};
/* End PBXContainerItemProxy section */

/* Begin PBXFileReference section */
		297E387518EA71EA00C0A2B5 /* FaceppDemo.app */ = {isa = PBXFileReference; explicitFileType = wrapper.application; includeInIndex = 0; path = FaceppDemo.app; sourceTree = BUILT_PRODUCTS_DIR; };
		297E387818EA71EA00C0A2B5 /* Foundation.framework */ = {isa = PBXFileReference; lastKnownFileType = wrapper.framework; name = Foundation.framework; path = System/Library/Frameworks/Foundation.framework; sourceTree = SDKROOT; };
		297E387A18EA71EA00C0A2B5 /* CoreGraphics.framework */ = {isa = PBXFileReference; lastKnownFileType = wrapper.framework; name = CoreGraphics.framework; path = System/Library/Frameworks/CoreGraphics.framework; sourceTree = SDKROOT; };
		297E387C18EA71EA00C0A2B5 /* UIKit.framework */ = {isa = PBXFileReference; lastKnownFileType = wrapper.framework; name = UIKit.framework; path = System/Library/Frameworks/UIKit.framework; sourceTree = SDKROOT; };
		297E388018EA71EA00C0A2B5 /* FaceppDemo-Info.plist */ = {isa = PBXFileReference; lastKnownFileType = text.plist.xml; path = "FaceppDemo-Info.plist"; sourceTree = "<group>"; };
		297E388218EA71EA00C0A2B5 /* en */ = {isa = PBXFileReference; lastKnownFileType = text.plist.strings; name = en; path = en.lproj/InfoPlist.strings; sourceTree = "<group>"; };
		297E388418EA71EA00C0A2B5 /* main.m */ = {isa = PBXFileReference; lastKnownFileType = sourcecode.c.objc; path = main.m; sourceTree = "<group>"; };
		297E388618EA71EA00C0A2B5 /* FaceppDemo-Prefix.pch */ = {isa = PBXFileReference; lastKnownFileType = sourcecode.c.h; path = "FaceppDemo-Prefix.pch"; sourceTree = "<group>"; };
		297E388718EA71EA00C0A2B5 /* AppDelegate.h */ = {isa = PBXFileReference; lastKnownFileType = sourcecode.c.h; path = AppDelegate.h; sourceTree = "<group>"; };
		297E388818EA71EA00C0A2B5 /* AppDelegate.m */ = {isa = PBXFileReference; lastKnownFileType = sourcecode.c.objc; path = AppDelegate.m; sourceTree = "<group>"; };
		297E388A18EA71EA00C0A2B5 /* Images.xcassets */ = {isa = PBXFileReference; lastKnownFileType = folder.assetcatalog; path = Images.xcassets; sourceTree = "<group>"; };
		297E389018EA71EA00C0A2B5 /* FaceppDemoTests.xctest */ = {isa = PBXFileReference; explicitFileType = wrapper.cfbundle; includeInIndex = 0; path = FaceppDemoTests.xctest; sourceTree = BUILT_PRODUCTS_DIR; };
		297E389118EA71EA00C0A2B5 /* XCTest.framework */ = {isa = PBXFileReference; lastKnownFileType = wrapper.framework; name = XCTest.framework; path = Library/Frameworks/XCTest.framework; sourceTree = DEVELOPER_DIR; };
		297E389918EA71EA00C0A2B5 /* FaceppDemoTests-Info.plist */ = {isa = PBXFileReference; lastKnownFileType = text.plist.xml; path = "FaceppDemoTests-Info.plist"; sourceTree = "<group>"; };
		297E389B18EA71EA00C0A2B5 /* en */ = {isa = PBXFileReference; lastKnownFileType = text.plist.strings; name = en; path = en.lproj/InfoPlist.strings; sourceTree = "<group>"; };
		297E389D18EA71EA00C0A2B5 /* FaceppDemoTests.m */ = {isa = PBXFileReference; lastKnownFileType = sourcecode.c.objc; path = FaceppDemoTests.m; sourceTree = "<group>"; };
		297E38A818EA734700C0A2B5 /* FaceppDetection+LocalResultUploader.h */ = {isa = PBXFileReference; fileEncoding = 4; lastKnownFileType = sourcecode.c.h; path = "FaceppDetection+LocalResultUploader.h"; sourceTree = "<group>"; };
		297E38A918EA734700C0A2B5 /* FaceppDetection+LocalResultUploader.m */ = {isa = PBXFileReference; fileEncoding = 4; lastKnownFileType = sourcecode.c.objc; path = "FaceppDetection+LocalResultUploader.m"; sourceTree = "<group>"; };
		297E38AA18EA734700C0A2B5 /* FaceppLocalDetector.h */ = {isa = PBXFileReference; fileEncoding = 4; lastKnownFileType = sourcecode.c.h; path = FaceppLocalDetector.h; sourceTree = "<group>"; };
		297E38AB18EA734700C0A2B5 /* libFaceppLocalDetector.a */ = {isa = PBXFileReference; lastKnownFileType = archive.ar; path = libFaceppLocalDetector.a; sourceTree = "<group>"; };
		297E38AF18EA738700C0A2B5 /* FaceppAPI.h */ = {isa = PBXFileReference; fileEncoding = 4; lastKnownFileType = sourcecode.c.h; path = FaceppAPI.h; sourceTree = "<group>"; };
		297E38B018EA738700C0A2B5 /* FaceppAPI.m */ = {isa = PBXFileReference; fileEncoding = 4; lastKnownFileType = sourcecode.c.objc; path = FaceppAPI.m; sourceTree = "<group>"; };
		297E38B218EA738700C0A2B5 /* FaceppClient.h */ = {isa = PBXFileReference; fileEncoding = 4; lastKnownFileType = sourcecode.c.h; path = FaceppClient.h; sourceTree = "<group>"; };
		297E38B318EA738700C0A2B5 /* FaceppClient.m */ = {isa = PBXFileReference; fileEncoding = 4; lastKnownFileType = sourcecode.c.objc; path = FaceppClient.m; sourceTree = "<group>"; };
		297E38B418EA738700C0A2B5 /* FaceppDetection.h */ = {isa = PBXFileReference; fileEncoding = 4; lastKnownFileType = sourcecode.c.h; path = FaceppDetection.h; sourceTree = "<group>"; };
		297E38B518EA738700C0A2B5 /* FaceppDetection.m */ = {isa = PBXFileReference; fileEncoding = 4; lastKnownFileType = sourcecode.c.objc; path = FaceppDetection.m; sourceTree = "<group>"; };
		297E38B618EA738700C0A2B5 /* FaceppFaceset.h */ = {isa = PBXFileReference; fileEncoding = 4; lastKnownFileType = sourcecode.c.h; path = FaceppFaceset.h; sourceTree = "<group>"; };
		297E38B718EA738700C0A2B5 /* FaceppFaceset.m */ = {isa = PBXFileReference; fileEncoding = 4; lastKnownFileType = sourcecode.c.objc; path = FaceppFaceset.m; sourceTree = "<group>"; };
		297E38B818EA738700C0A2B5 /* FaceppGroup.h */ = {isa = PBXFileReference; fileEncoding = 4; lastKnownFileType = sourcecode.c.h; path = FaceppGroup.h; sourceTree = "<group>"; };
		297E38B918EA738700C0A2B5 /* FaceppGroup.m */ = {isa = PBXFileReference; fileEncoding = 4; lastKnownFileType = sourcecode.c.objc; path = FaceppGroup.m; sourceTree = "<group>"; };
		297E38BA18EA738700C0A2B5 /* FaceppGrouping.h */ = {isa = PBXFileReference; fileEncoding = 4; lastKnownFileType = sourcecode.c.h; path = FaceppGrouping.h; sourceTree = "<group>"; };
		297E38BB18EA738700C0A2B5 /* FaceppGrouping.m */ = {isa = PBXFileReference; fileEncoding = 4; lastKnownFileType = sourcecode.c.objc; path = FaceppGrouping.m; sourceTree = "<group>"; };
		297E38BC18EA738700C0A2B5 /* FaceppInfo.h */ = {isa = PBXFileReference; fileEncoding = 4; lastKnownFileType = sourcecode.c.h; path = FaceppInfo.h; sourceTree = "<group>"; };
		297E38BD18EA738700C0A2B5 /* FaceppInfo.m */ = {isa = PBXFileReference; fileEncoding = 4; lastKnownFileType = sourcecode.c.objc; path = FaceppInfo.m; sourceTree = "<group>"; };
		297E38BE18EA738700C0A2B5 /* FaceppPerson.h */ = {isa = PBXFileReference; fileEncoding = 4; lastKnownFileType = sourcecode.c.h; path = FaceppPerson.h; sourceTree = "<group>"; };
		297E38BF18EA738700C0A2B5 /* FaceppPerson.m */ = {isa = PBXFileReference; fileEncoding = 4; lastKnownFileType = sourcecode.c.objc; path = FaceppPerson.m; sourceTree = "<group>"; };
		297E38C018EA738700C0A2B5 /* FaceppRecognition.h */ = {isa = PBXFileReference; fileEncoding = 4; lastKnownFileType = sourcecode.c.h; path = FaceppRecognition.h; sourceTree = "<group>"; };
		297E38C118EA738700C0A2B5 /* FaceppRecognition.m */ = {isa = PBXFileReference; fileEncoding = 4; lastKnownFileType = sourcecode.c.objc; path = FaceppRecognition.m; sourceTree = "<group>"; };
		297E38C218EA738700C0A2B5 /* FaceppTrainer.h */ = {isa = PBXFileReference; fileEncoding = 4; lastKnownFileType = sourcecode.c.h; path = FaceppTrainer.h; sourceTree = "<group>"; };
		297E38C318EA738700C0A2B5 /* FaceppTrainer.m */ = {isa = PBXFileReference; fileEncoding = 4; lastKnownFileType = sourcecode.c.objc; path = FaceppTrainer.m; sourceTree = "<group>"; };
		297E38C518EA738700C0A2B5 /* FaceppError.h */ = {isa = PBXFileReference; fileEncoding = 4; lastKnownFileType = sourcecode.c.h; path = FaceppError.h; sourceTree = "<group>"; };
		297E38C618EA738700C0A2B5 /* FaceppError.m */ = {isa = PBXFileReference; fileEncoding = 4; lastKnownFileType = sourcecode.c.objc; path = FaceppError.m; sourceTree = "<group>"; };
		297E38C718EA738700C0A2B5 /* FaceppResult.h */ = {isa = PBXFileReference; fileEncoding = 4; lastKnownFileType = sourcecode.c.h; path = FaceppResult.h; sourceTree = "<group>"; };
		297E38C818EA738700C0A2B5 /* FaceppResult.m */ = {isa = PBXFileReference; fileEncoding = 4; lastKnownFileType = sourcecode.c.objc; path = FaceppResult.m; sourceTree = "<group>"; };
		297E38D518EA745400C0A2B5 /* RootViewController.h */ = {isa = PBXFileReference; fileEncoding = 4; lastKnownFileType = sourcecode.c.h; path = RootViewController.h; sourceTree = "<group>"; };
		297E38D618EA745400C0A2B5 /* RootViewController.m */ = {isa = PBXFileReference; fileEncoding = 4; lastKnownFileType = sourcecode.c.objc; path = RootViewController.m; sourceTree = "<group>"; };
		29AD7D3018EAAB5C00B4FA34 /* AVFoundation.framework */ = {isa = PBXFileReference; lastKnownFileType = wrapper.framework; name = AVFoundation.framework; path = System/Library/Frameworks/AVFoundation.framework; sourceTree = SDKROOT; };
		29AD7D3218EAAB7C00B4FA34 /* SVideoCaptureManager.h */ = {isa = PBXFileReference; fileEncoding = 4; lastKnownFileType = sourcecode.c.h; path = SVideoCaptureManager.h; sourceTree = "<group>"; };
		29AD7D3318EAAB7C00B4FA34 /* SVideoCaptureManager.m */ = {isa = PBXFileReference; fileEncoding = 4; lastKnownFileType = sourcecode.c.objc; path = SVideoCaptureManager.m; sourceTree = "<group>"; };
		29AD7D3518EAC85E00B4FA34 /* CoreMedia.framework */ = {isa = PBXFileReference; lastKnownFileType = wrapper.framework; name = CoreMedia.framework; path = System/Library/Frameworks/CoreMedia.framework; sourceTree = SDKROOT; };
		29AD7D3718EACDCA00B4FA34 /* FDetectViewController.h */ = {isa = PBXFileReference; fileEncoding = 4; lastKnownFileType = sourcecode.c.h; path = FDetectViewController.h; sourceTree = "<group>"; };
		29AD7D3818EACDCA00B4FA34 /* FDetectViewController.m */ = {isa = PBXFileReference; fileEncoding = 4; lastKnownFileType = sourcecode.c.objc; path = FDetectViewController.m; sourceTree = "<group>"; };
		29AD7D3A18EACE5400B4FA34 /* FLocalDetectViewController.h */ = {isa = PBXFileReference; fileEncoding = 4; lastKnownFileType = sourcecode.c.h; path = FLocalDetectViewController.h; sourceTree = "<group>"; };
		29AD7D3B18EACE5400B4FA34 /* FLocalDetectViewController.mm */ = {isa = PBXFileReference; fileEncoding = 4; lastKnownFileType = sourcecode.cpp.objcpp; path = FLocalDetectViewController.mm; sourceTree = "<group>"; };
		29AD7D3D18EAD6D300B4FA34 /* FVideoViewController.h */ = {isa = PBXFileReference; fileEncoding = 4; lastKnownFileType = sourcecode.c.h; path = FVideoViewController.h; sourceTree = "<group>"; };
		29AD7D3E18EAD6D300B4FA34 /* FVideoViewController.m */ = {isa = PBXFileReference; fileEncoding = 4; lastKnownFileType = sourcecode.c.objc; path = FVideoViewController.m; sourceTree = "<group>"; };
		29AD7D4018EBBF6100B4FA34 /* FHelper.h */ = {isa = PBXFileReference; fileEncoding = 4; lastKnownFileType = sourcecode.c.h; path = FHelper.h; sourceTree = "<group>"; };
		29AD7D4118EBBF6100B4FA34 /* FHelper.m */ = {isa = PBXFileReference; fileEncoding = 4; lastKnownFileType = sourcecode.c.objc; path = FHelper.m; sourceTree = "<group>"; };
/* End PBXFileReference section */

/* Begin PBXFrameworksBuildPhase section */
		297E387218EA71EA00C0A2B5 /* Frameworks */ = {
			isa = PBXFrameworksBuildPhase;
			buildActionMask = 2147483647;
			files = (
				29AD7D3618EAC85E00B4FA34 /* CoreMedia.framework in Frameworks */,
				29AD7D3118EAAB5C00B4FA34 /* AVFoundation.framework in Frameworks */,
				297E387B18EA71EA00C0A2B5 /* CoreGraphics.framework in Frameworks */,
				297E387D18EA71EA00C0A2B5 /* UIKit.framework in Frameworks */,
				297E38AD18EA734700C0A2B5 /* libFaceppLocalDetector.a in Frameworks */,
				297E387918EA71EA00C0A2B5 /* Foundation.framework in Frameworks */,
			);
			runOnlyForDeploymentPostprocessing = 0;
		};
		297E388D18EA71EA00C0A2B5 /* Frameworks */ = {
			isa = PBXFrameworksBuildPhase;
			buildActionMask = 2147483647;
			files = (
				297E389218EA71EA00C0A2B5 /* XCTest.framework in Frameworks */,
				297E389418EA71EA00C0A2B5 /* UIKit.framework in Frameworks */,
				297E389318EA71EA00C0A2B5 /* Foundation.framework in Frameworks */,
			);
			runOnlyForDeploymentPostprocessing = 0;
		};
/* End PBXFrameworksBuildPhase section */

/* Begin PBXGroup section */
		297E386C18EA71EA00C0A2B5 = {
			isa = PBXGroup;
			children = (
				297E387E18EA71EA00C0A2B5 /* FaceppDemo */,
				297E389718EA71EA00C0A2B5 /* FaceppDemoTests */,
				297E387718EA71EA00C0A2B5 /* Frameworks */,
				297E387618EA71EA00C0A2B5 /* Products */,
			);
			sourceTree = "<group>";
		};
		297E387618EA71EA00C0A2B5 /* Products */ = {
			isa = PBXGroup;
			children = (
				297E387518EA71EA00C0A2B5 /* FaceppDemo.app */,
				297E389018EA71EA00C0A2B5 /* FaceppDemoTests.xctest */,
			);
			name = Products;
			sourceTree = "<group>";
		};
		297E387718EA71EA00C0A2B5 /* Frameworks */ = {
			isa = PBXGroup;
			children = (
				29AD7D3518EAC85E00B4FA34 /* CoreMedia.framework */,
				29AD7D3018EAAB5C00B4FA34 /* AVFoundation.framework */,
				297E387818EA71EA00C0A2B5 /* Foundation.framework */,
				297E387A18EA71EA00C0A2B5 /* CoreGraphics.framework */,
				297E387C18EA71EA00C0A2B5 /* UIKit.framework */,
				297E389118EA71EA00C0A2B5 /* XCTest.framework */,
			);
			name = Frameworks;
			sourceTree = "<group>";
		};
		297E387E18EA71EA00C0A2B5 /* FaceppDemo */ = {
			isa = PBXGroup;
			children = (
				297E38AE18EA738700C0A2B5 /* FaceppSDK_ARC */,
				297E38A718EA734700C0A2B5 /* FaceppLocalDetectorSDK */,
				297E388718EA71EA00C0A2B5 /* AppDelegate.h */,
				297E388818EA71EA00C0A2B5 /* AppDelegate.m */,
				297E388A18EA71EA00C0A2B5 /* Images.xcassets */,
				297E387F18EA71EA00C0A2B5 /* Supporting Files */,
				297E38D518EA745400C0A2B5 /* RootViewController.h */,
				297E38D618EA745400C0A2B5 /* RootViewController.m */,
				29AD7D3218EAAB7C00B4FA34 /* SVideoCaptureManager.h */,
				29AD7D3318EAAB7C00B4FA34 /* SVideoCaptureManager.m */,
				29AD7D3718EACDCA00B4FA34 /* FDetectViewController.h */,
				29AD7D3818EACDCA00B4FA34 /* FDetectViewController.m */,
				29AD7D3A18EACE5400B4FA34 /* FLocalDetectViewController.h */,
				29AD7D3B18EACE5400B4FA34 /* FLocalDetectViewController.mm */,
				29AD7D3D18EAD6D300B4FA34 /* FVideoViewController.h */,
				29AD7D3E18EAD6D300B4FA34 /* FVideoViewController.m */,
				29AD7D4018EBBF6100B4FA34 /* FHelper.h */,
				29AD7D4118EBBF6100B4FA34 /* FHelper.m */,
			);
			path = FaceppDemo;
			sourceTree = "<group>";
		};
		297E387F18EA71EA00C0A2B5 /* Supporting Files */ = {
			isa = PBXGroup;
			children = (
				297E388018EA71EA00C0A2B5 /* FaceppDemo-Info.plist */,
				297E388118EA71EA00C0A2B5 /* InfoPlist.strings */,
				297E388418EA71EA00C0A2B5 /* main.m */,
				297E388618EA71EA00C0A2B5 /* FaceppDemo-Prefix.pch */,
			);
			name = "Supporting Files";
			sourceTree = "<group>";
		};
		297E389718EA71EA00C0A2B5 /* FaceppDemoTests */ = {
			isa = PBXGroup;
			children = (
				297E389D18EA71EA00C0A2B5 /* FaceppDemoTests.m */,
				297E389818EA71EA00C0A2B5 /* Supporting Files */,
			);
			path = FaceppDemoTests;
			sourceTree = "<group>";
		};
		297E389818EA71EA00C0A2B5 /* Supporting Files */ = {
			isa = PBXGroup;
			children = (
				297E389918EA71EA00C0A2B5 /* FaceppDemoTests-Info.plist */,
				297E389A18EA71EA00C0A2B5 /* InfoPlist.strings */,
			);
			name = "Supporting Files";
			sourceTree = "<group>";
		};
		297E38A718EA734700C0A2B5 /* FaceppLocalDetectorSDK */ = {
			isa = PBXGroup;
			children = (
				297E38A818EA734700C0A2B5 /* FaceppDetection+LocalResultUploader.h */,
				297E38A918EA734700C0A2B5 /* FaceppDetection+LocalResultUploader.m */,
				297E38AA18EA734700C0A2B5 /* FaceppLocalDetector.h */,
				297E38AB18EA734700C0A2B5 /* libFaceppLocalDetector.a */,
			);
			path = FaceppLocalDetectorSDK;
			sourceTree = "<group>";
		};
		297E38AE18EA738700C0A2B5 /* FaceppSDK_ARC */ = {
			isa = PBXGroup;
			children = (
				297E38AF18EA738700C0A2B5 /* FaceppAPI.h */,
				297E38B018EA738700C0A2B5 /* FaceppAPI.m */,
				297E38B118EA738700C0A2B5 /* FaceppAPISource */,
				297E38C418EA738700C0A2B5 /* FaceppResult */,
			);
			path = FaceppSDK_ARC;
			sourceTree = "<group>";
		};
		297E38B118EA738700C0A2B5 /* FaceppAPISource */ = {
			isa = PBXGroup;
			children = (
				297E38B218EA738700C0A2B5 /* FaceppClient.h */,
				297E38B318EA738700C0A2B5 /* FaceppClient.m */,
				297E38B418EA738700C0A2B5 /* FaceppDetection.h */,
				297E38B518EA738700C0A2B5 /* FaceppDetection.m */,
				297E38B618EA738700C0A2B5 /* FaceppFaceset.h */,
				297E38B718EA738700C0A2B5 /* FaceppFaceset.m */,
				297E38B818EA738700C0A2B5 /* FaceppGroup.h */,
				297E38B918EA738700C0A2B5 /* FaceppGroup.m */,
				297E38BA18EA738700C0A2B5 /* FaceppGrouping.h */,
				297E38BB18EA738700C0A2B5 /* FaceppGrouping.m */,
				297E38BC18EA738700C0A2B5 /* FaceppInfo.h */,
				297E38BD18EA738700C0A2B5 /* FaceppInfo.m */,
				297E38BE18EA738700C0A2B5 /* FaceppPerson.h */,
				297E38BF18EA738700C0A2B5 /* FaceppPerson.m */,
				297E38C018EA738700C0A2B5 /* FaceppRecognition.h */,
				297E38C118EA738700C0A2B5 /* FaceppRecognition.m */,
				297E38C218EA738700C0A2B5 /* FaceppTrainer.h */,
				297E38C318EA738700C0A2B5 /* FaceppTrainer.m */,
			);
			path = FaceppAPISource;
			sourceTree = "<group>";
		};
		297E38C418EA738700C0A2B5 /* FaceppResult */ = {
			isa = PBXGroup;
			children = (
				297E38C518EA738700C0A2B5 /* FaceppError.h */,
				297E38C618EA738700C0A2B5 /* FaceppError.m */,
				297E38C718EA738700C0A2B5 /* FaceppResult.h */,
				297E38C818EA738700C0A2B5 /* FaceppResult.m */,
			);
			path = FaceppResult;
			sourceTree = "<group>";
		};
/* End PBXGroup section */

/* Begin PBXNativeTarget section */
		297E387418EA71EA00C0A2B5 /* FaceppDemo */ = {
			isa = PBXNativeTarget;
			buildConfigurationList = 297E38A118EA71EA00C0A2B5 /* Build configuration list for PBXNativeTarget "FaceppDemo" */;
			buildPhases = (
				297E387118EA71EA00C0A2B5 /* Sources */,
				297E387218EA71EA00C0A2B5 /* Frameworks */,
				297E387318EA71EA00C0A2B5 /* Resources */,
			);
			buildRules = (
			);
			dependencies = (
			);
			name = FaceppDemo;
			productName = FaceppDemo;
			productReference = 297E387518EA71EA00C0A2B5 /* FaceppDemo.app */;
			productType = "com.apple.product-type.application";
		};
		297E388F18EA71EA00C0A2B5 /* FaceppDemoTests */ = {
			isa = PBXNativeTarget;
			buildConfigurationList = 297E38A418EA71EA00C0A2B5 /* Build configuration list for PBXNativeTarget "FaceppDemoTests" */;
			buildPhases = (
				297E388C18EA71EA00C0A2B5 /* Sources */,
				297E388D18EA71EA00C0A2B5 /* Frameworks */,
				297E388E18EA71EA00C0A2B5 /* Resources */,
			);
			buildRules = (
			);
			dependencies = (
				297E389618EA71EA00C0A2B5 /* PBXTargetDependency */,
			);
			name = FaceppDemoTests;
			productName = FaceppDemoTests;
			productReference = 297E389018EA71EA00C0A2B5 /* FaceppDemoTests.xctest */;
			productType = "com.apple.product-type.bundle.unit-test";
		};
/* End PBXNativeTarget section */

/* Begin PBXProject section */
		297E386D18EA71EA00C0A2B5 /* Project object */ = {
			isa = PBXProject;
			attributes = {
				LastUpgradeCheck = 0510;
				ORGANIZATIONNAME = "shawnt22@gmail.com";
				TargetAttributes = {
					297E388F18EA71EA00C0A2B5 = {
						TestTargetID = 297E387418EA71EA00C0A2B5;
					};
				};
			};
			buildConfigurationList = 297E387018EA71EA00C0A2B5 /* Build configuration list for PBXProject "FaceppDemo" */;
			compatibilityVersion = "Xcode 3.2";
			developmentRegion = English;
			hasScannedForEncodings = 0;
			knownRegions = (
				en,
			);
			mainGroup = 297E386C18EA71EA00C0A2B5;
			productRefGroup = 297E387618EA71EA00C0A2B5 /* Products */;
			projectDirPath = "";
			projectRoot = "";
			targets = (
				297E387418EA71EA00C0A2B5 /* FaceppDemo */,
				297E388F18EA71EA00C0A2B5 /* FaceppDemoTests */,
			);
		};
/* End PBXProject section */

/* Begin PBXResourcesBuildPhase section */
		297E387318EA71EA00C0A2B5 /* Resources */ = {
			isa = PBXResourcesBuildPhase;
			buildActionMask = 2147483647;
			files = (
				297E388318EA71EA00C0A2B5 /* InfoPlist.strings in Resources */,
				297E388B18EA71EA00C0A2B5 /* Images.xcassets in Resources */,
			);
			runOnlyForDeploymentPostprocessing = 0;
		};
		297E388E18EA71EA00C0A2B5 /* Resources */ = {
			isa = PBXResourcesBuildPhase;
			buildActionMask = 2147483647;
			files = (
				297E389C18EA71EA00C0A2B5 /* InfoPlist.strings in Resources */,
			);
			runOnlyForDeploymentPostprocessing = 0;
		};
/* End PBXResourcesBuildPhase section */

/* Begin PBXSourcesBuildPhase section */
		297E387118EA71EA00C0A2B5 /* Sources */ = {
			isa = PBXSourcesBuildPhase;
			buildActionMask = 2147483647;
			files = (
				297E38CB18EA738700C0A2B5 /* FaceppDetection.m in Sources */,
				297E38D218EA738700C0A2B5 /* FaceppTrainer.m in Sources */,
				297E38D718EA745400C0A2B5 /* RootViewController.m in Sources */,
				297E38D418EA738700C0A2B5 /* FaceppResult.m in Sources */,
				297E38D018EA738700C0A2B5 /* FaceppPerson.m in Sources */,
				297E38AC18EA734700C0A2B5 /* FaceppDetection+LocalResultUploader.m in Sources */,
				29AD7D3918EACDCA00B4FA34 /* FDetectViewController.m in Sources */,
				297E38CF18EA738700C0A2B5 /* FaceppInfo.m in Sources */,
				297E38D318EA738700C0A2B5 /* FaceppError.m in Sources */,
				29AD7D3F18EAD6D300B4FA34 /* FVideoViewController.m in Sources */,
				297E38CC18EA738700C0A2B5 /* FaceppFaceset.m in Sources */,
				29AD7D3C18EACE5400B4FA34 /* FLocalDetectViewController.mm in Sources */,
				297E388918EA71EA00C0A2B5 /* AppDelegate.m in Sources */,
				297E38CD18EA738700C0A2B5 /* FaceppGroup.m in Sources */,
				297E38CA18EA738700C0A2B5 /* FaceppClient.m in Sources */,
				297E38CE18EA738700C0A2B5 /* FaceppGrouping.m in Sources */,
				297E388518EA71EA00C0A2B5 /* main.m in Sources */,
				29AD7D4218EBBF6100B4FA34 /* FHelper.m in Sources */,
				297E38D118EA738700C0A2B5 /* FaceppRecognition.m in Sources */,
				297E38C918EA738700C0A2B5 /* FaceppAPI.m in Sources */,
				29AD7D3418EAAB7C00B4FA34 /* SVideoCaptureManager.m in Sources */,
			);
			runOnlyForDeploymentPostprocessing = 0;
		};
		297E388C18EA71EA00C0A2B5 /* Sources */ = {
			isa = PBXSourcesBuildPhase;
			buildActionMask = 2147483647;
			files = (
				297E389E18EA71EA00C0A2B5 /* FaceppDemoTests.m in Sources */,
			);
			runOnlyForDeploymentPostprocessing = 0;
		};
/* End PBXSourcesBuildPhase section */

/* Begin PBXTargetDependency section */
		297E389618EA71EA00C0A2B5 /* PBXTargetDependency */ = {
			isa = PBXTargetDependency;
			target = 297E387418EA71EA00C0A2B5 /* FaceppDemo */;
			targetProxy = 297E389518EA71EA00C0A2B5 /* PBXContainerItemProxy */;
		};
/* End PBXTargetDependency section */

/* Begin PBXVariantGroup section */
		297E388118EA71EA00C0A2B5 /* InfoPlist.strings */ = {
			isa = PBXVariantGroup;
			children = (
				297E388218EA71EA00C0A2B5 /* en */,
			);
			name = InfoPlist.strings;
			sourceTree = "<group>";
		};
		297E389A18EA71EA00C0A2B5 /* InfoPlist.strings */ = {
			isa = PBXVariantGroup;
			children = (
				297E389B18EA71EA00C0A2B5 /* en */,
			);
			name = InfoPlist.strings;
			sourceTree = "<group>";
		};
/* End PBXVariantGroup section */

/* Begin XCBuildConfiguration section */
		297E389F18EA71EA00C0A2B5 /* Debug */ = {
			isa = XCBuildConfiguration;
			buildSettings = {
				ALWAYS_SEARCH_USER_PATHS = NO;
				CLANG_CXX_LANGUAGE_STANDARD = "c++98";
				CLANG_CXX_LIBRARY = "libstdc++";
				CLANG_ENABLE_MODULES = YES;
				CLANG_ENABLE_OBJC_ARC = YES;
				CLANG_WARN_BOOL_CONVERSION = YES;
				CLANG_WARN_CONSTANT_CONVERSION = YES;
				CLANG_WARN_DIRECT_OBJC_ISA_USAGE = YES_ERROR;
				CLANG_WARN_EMPTY_BODY = YES;
				CLANG_WARN_ENUM_CONVERSION = YES;
				CLANG_WARN_INT_CONVERSION = YES;
				CLANG_WARN_OBJC_ROOT_CLASS = YES_ERROR;
				CLANG_WARN__DUPLICATE_METHOD_MATCH = YES;
				"CODE_SIGN_IDENTITY[sdk=iphoneos*]" = "iPhone Developer";
				COPY_PHASE_STRIP = NO;
				GCC_C_LANGUAGE_STANDARD = gnu99;
				GCC_DYNAMIC_NO_PIC = NO;
				GCC_OPTIMIZATION_LEVEL = 0;
				GCC_PREPROCESSOR_DEFINITIONS = (
					"DEBUG=1",
					"$(inherited)",
				);
				GCC_SYMBOLS_PRIVATE_EXTERN = NO;
				GCC_WARN_64_TO_32_BIT_CONVERSION = YES;
				GCC_WARN_ABOUT_RETURN_TYPE = YES_ERROR;
				GCC_WARN_UNDECLARED_SELECTOR = YES;
				GCC_WARN_UNINITIALIZED_AUTOS = YES_AGGRESSIVE;
				GCC_WARN_UNUSED_FUNCTION = YES;
				GCC_WARN_UNUSED_VARIABLE = YES;
				IPHONEOS_DEPLOYMENT_TARGET = 7.1;
				ONLY_ACTIVE_ARCH = YES;
				SDKROOT = iphoneos;
			};
			name = Debug;
		};
		297E38A018EA71EA00C0A2B5 /* Release */ = {
			isa = XCBuildConfiguration;
			buildSettings = {
				ALWAYS_SEARCH_USER_PATHS = NO;
				CLANG_CXX_LANGUAGE_STANDARD = "c++98";
				CLANG_CXX_LIBRARY = "libstdc++";
				CLANG_ENABLE_MODULES = YES;
				CLANG_ENABLE_OBJC_ARC = YES;
				CLANG_WARN_BOOL_CONVERSION = YES;
				CLANG_WARN_CONSTANT_CONVERSION = YES;
				CLANG_WARN_DIRECT_OBJC_ISA_USAGE = YES_ERROR;
				CLANG_WARN_EMPTY_BODY = YES;
				CLANG_WARN_ENUM_CONVERSION = YES;
				CLANG_WARN_INT_CONVERSION = YES;
				CLANG_WARN_OBJC_ROOT_CLASS = YES_ERROR;
				CLANG_WARN__DUPLICATE_METHOD_MATCH = YES;
				"CODE_SIGN_IDENTITY[sdk=iphoneos*]" = "iPhone Developer";
				COPY_PHASE_STRIP = YES;
				ENABLE_NS_ASSERTIONS = NO;
				GCC_C_LANGUAGE_STANDARD = gnu99;
				GCC_WARN_64_TO_32_BIT_CONVERSION = YES;
				GCC_WARN_ABOUT_RETURN_TYPE = YES_ERROR;
				GCC_WARN_UNDECLARED_SELECTOR = YES;
				GCC_WARN_UNINITIALIZED_AUTOS = YES_AGGRESSIVE;
				GCC_WARN_UNUSED_FUNCTION = YES;
				GCC_WARN_UNUSED_VARIABLE = YES;
				IPHONEOS_DEPLOYMENT_TARGET = 7.1;
				SDKROOT = iphoneos;
				VALIDATE_PRODUCT = YES;
			};
			name = Release;
		};
		297E38A218EA71EA00C0A2B5 /* Debug */ = {
			isa = XCBuildConfiguration;
			buildSettings = {
				ASSETCATALOG_COMPILER_APPICON_NAME = AppIcon;
				ASSETCATALOG_COMPILER_LAUNCHIMAGE_NAME = LaunchImage;
				GCC_PRECOMPILE_PREFIX_HEADER = YES;
				GCC_PREFIX_HEADER = "FaceppDemo/FaceppDemo-Prefix.pch";
				INFOPLIST_FILE = "FaceppDemo/FaceppDemo-Info.plist";
				LIBRARY_SEARCH_PATHS = (
					"$(inherited)",
					"$(PROJECT_DIR)/FaceppDemo/FaceppLocalDetectorSDK",
				);
				PRODUCT_NAME = "$(TARGET_NAME)";
				WRAPPER_EXTENSION = app;
			};
			name = Debug;
		};
		297E38A318EA71EA00C0A2B5 /* Release */ = {
			isa = XCBuildConfiguration;
			buildSettings = {
				ASSETCATALOG_COMPILER_APPICON_NAME = AppIcon;
				ASSETCATALOG_COMPILER_LAUNCHIMAGE_NAME = LaunchImage;
				GCC_PRECOMPILE_PREFIX_HEADER = YES;
				GCC_PREFIX_HEADER = "FaceppDemo/FaceppDemo-Prefix.pch";
				INFOPLIST_FILE = "FaceppDemo/FaceppDemo-Info.plist";
				LIBRARY_SEARCH_PATHS = (
					"$(inherited)",
					"$(PROJECT_DIR)/FaceppDemo/FaceppLocalDetectorSDK",
				);
				PRODUCT_NAME = "$(TARGET_NAME)";
				WRAPPER_EXTENSION = app;
			};
			name = Release;
		};
		297E38A518EA71EA00C0A2B5 /* Debug */ = {
			isa = XCBuildConfiguration;
			buildSettings = {
				BUNDLE_LOADER = "$(BUILT_PRODUCTS_DIR)/FaceppDemo.app/FaceppDemo";
				FRAMEWORK_SEARCH_PATHS = (
					"$(SDKROOT)/Developer/Library/Frameworks",
					"$(inherited)",
					"$(DEVELOPER_FRAMEWORKS_DIR)",
				);
				GCC_PRECOMPILE_PREFIX_HEADER = YES;
				GCC_PREFIX_HEADER = "FaceppDemo/FaceppDemo-Prefix.pch";
				GCC_PREPROCESSOR_DEFINITIONS = (
					"DEBUG=1",
					"$(inherited)",
				);
				INFOPLIST_FILE = "FaceppDemoTests/FaceppDemoTests-Info.plist";
				PRODUCT_NAME = "$(TARGET_NAME)";
				TEST_HOST = "$(BUNDLE_LOADER)";
				WRAPPER_EXTENSION = xctest;
			};
			name = Debug;
		};
		297E38A618EA71EA00C0A2B5 /* Release */ = {
			isa = XCBuildConfiguration;
			buildSettings = {
				BUNDLE_LOADER = "$(BUILT_PRODUCTS_DIR)/FaceppDemo.app/FaceppDemo";
				FRAMEWORK_SEARCH_PATHS = (
					"$(SDKROOT)/Developer/Library/Frameworks",
					"$(inherited)",
					"$(DEVELOPER_FRAMEWORKS_DIR)",
				);
				GCC_PRECOMPILE_PREFIX_HEADER = YES;
				GCC_PREFIX_HEADER = "FaceppDemo/FaceppDemo-Prefix.pch";
				INFOPLIST_FILE = "FaceppDemoTests/FaceppDemoTests-Info.plist";
				PRODUCT_NAME = "$(TARGET_NAME)";
				TEST_HOST = "$(BUNDLE_LOADER)";
				WRAPPER_EXTENSION = xctest;
			};
			name = Release;
		};
/* End XCBuildConfiguration section */

/* Begin XCConfigurationList section */
		297E387018EA71EA00C0A2B5 /* Build configuration list for PBXProject "FaceppDemo" */ = {
			isa = XCConfigurationList;
			buildConfigurations = (
				297E389F18EA71EA00C0A2B5 /* Debug */,
				297E38A018EA71EA00C0A2B5 /* Release */,
			);
			defaultConfigurationIsVisible = 0;
			defaultConfigurationName = Release;
		};
		297E38A118EA71EA00C0A2B5 /* Build configuration list for PBXNativeTarget "FaceppDemo" */ = {
			isa = XCConfigurationList;
			buildConfigurations = (
				297E38A218EA71EA00C0A2B5 /* Debug */,
				297E38A318EA71EA00C0A2B5 /* Release */,
			);
			defaultConfigurationIsVisible = 0;
			defaultConfigurationName = Release;
		};
		297E38A418EA71EA00C0A2B5 /* Build configuration list for PBXNativeTarget "FaceppDemoTests" */ = {
			isa = XCConfigurationList;
			buildConfigurations = (
				297E38A518EA71EA00C0A2B5 /* Debug */,
				297E38A618EA71EA00C0A2B5 /* Release */,
			);
			defaultConfigurationIsVisible = 0;
			defaultConfigurationName = Release;
		};
/* End XCConfigurationList section */
	};
	rootObject = 297E386D18EA71EA00C0A2B5 /* Project object */;
}
