// !$*UTF8*$!
{
	archiveVersion = 1;
	classes = {
	};
	objectVersion = 46;
	objects = {

/* Begin PBXBuildFile section */
		297E387918EA71EA00C0A2B5 /* Foundation.framework in Frameworks */ = {isa = PBXBuildFile; fileRef = 297E387818EA71EA00C0A2B5 /* Foundation.framework */; };
		297E387B18EA71EA00C0A2B5 /* CoreGraphics.framework in Frameworks */ = {isa = PBXBuildFile; fileRef = 297E387A18EA71EA00C0A2B5 /* CoreGraphics.framework */; };
		297E387D18EA71EA00C0A2B5 /* UIKit.framework in Frameworks */ = {isa = PBXBuildFile; fileRef = 297E387C18EA71EA00C0A2B5 /* UIKit.framework */; };
		297E388318EA71EA00C0A2B5 /* InfoPlist.strings in Resources */ = {isa = PBXBuildFile; fileRef = 297E388118EA71EA00C0A2B5 /* InfoPlist.strings */; };
		297E388518EA71EA00C0A2B5 /* main.m in Sources */ = {isa = PBXBuildFile; fileRef = 297E388418EA71EA00C0A2B5 /* main.m */; };
		297E388918EA71EA00C0A2B5 /* AppDelegate.m in Sources */ = {isa = PBXBuildFile; fileRef = 297E388818EA71EA00C0A2B5 /* AppDelegate.m */; };
		297E388B18EA71EA00C0A2B5 /* Images.xcassets in Resources */ = {isa = PBXBuildFile; fileRef = 297E388A18EA71EA00C0A2B5 /* Images.xcassets */; };
		297E389218EA71EA00C0A2B5 /* XCTest.framework in Frameworks */ = {isa = PBXBuildFile; fileRef = 297E389118EA71EA00C0A2B5 /* XCTest.framework */; };
		297E389318EA71EA00C0A2B5 /* Foundation.framework in Frameworks */ = {isa = PBXBuildFile; fileRef = 297E387818EA71EA00C0A2B5 /* Foundation.framework */; };
		297E389418EA71EA00C0A2B5 /* UIKit.framework in Frameworks */ = {isa = PBXBuildFile; fileRef = 297E387C18EA71EA00C0A2B5 /* UIKit.framework */; };
		297E389C18EA71EA00C0A2B5 /* InfoPlist.strings in Resources */ = {isa = PBXBuildFile; fileRef = 297E389A18EA71EA00C0A2B5 /* InfoPlist.strings */; };
		297E389E18EA71EA00C0A2B5 /* FaceppDemoTests.m in Sources */ = {isa = PBXBuildFile; fileRef = 297E389D18EA71EA00C0A2B5 /* FaceppDemoTests.m */; };
/* End PBXBuildFile section */

/* Begin PBXContainerItemProxy section */
		297E389518EA71EA00C0A2B5 /* PBXContainerItemProxy */ = {
			isa = PBXContainerItemProxy;
			containerPortal = 297E386D18EA71EA00C0A2B5 /* Project object */;
			proxyType = 1;
			remoteGlobalIDString = 297E387418EA71EA00C0A2B5;
			remoteInfo = FaceppDemo;
		};
/* End PBXContainerItemProxy section */

/* Begin PBXFileReference section */
		297E387518EA71EA00C0A2B5 /* FaceppDemo.app */ = {isa = PBXFileReference; explicitFileType = wrapper.application; includeInIndex = 0; path = FaceppDemo.app; sourceTree = BUILT_PRODUCTS_DIR; };
		297E387818EA71EA00C0A2B5 /* Foundation.framework */ = {isa = PBXFileReference; lastKnownFileType = wrapper.framework; name = Foundation.framework; path = System/Library/Frameworks/Foundation.framework; sourceTree = SDKROOT; };
		297E387A18EA71EA00C0A2B5 /* CoreGraphics.framework */ = {isa = PBXFileReference; lastKnownFileType = wrapper.framework; name = CoreGraphics.framework; path = System/Library/Frameworks/CoreGraphics.framework; sourceTree = SDKROOT; };
		297E387C18EA71EA00C0A2B5 /* UIKit.framework */ = {isa = PBXFileReference; lastKnownFileType = wrapper.framework; name = UIKit.framework; path = System/Library/Frameworks/UIKit.framework; sourceTree = SDKROOT; };
		297E388018EA71EA00C0A2B5 /* FaceppDemo-Info.plist */ = {isa = PBXFileReference; lastKnownFileType = text.plist.xml; path = "FaceppDemo-Info.plist"; sourceTree = "<group>"; };
		297E388218EA71EA00C0A2B5 /* en */ = {isa = PBXFileReference; lastKnownFileType = text.plist.strings; name = en; path = en.lproj/InfoPlist.strings; sourceTree = "<group>"; };
		297E388418EA71EA00C0A2B5 /* main.m */ = {isa = PBXFileReference; lastKnownFileType = sourcecode.c.objc; path = main.m; sourceTree = "<group>"; };
		297E388618EA71EA00C0A2B5 /* FaceppDemo-Prefix.pch */ = {isa = PBXFileReference; lastKnownFileType = sourcecode.c.h; path = "FaceppDemo-Prefix.pch"; sourceTree = "<group>"; };
		297E388718EA71EA00C0A2B5 /* AppDelegate.h */ = {isa = PBXFileReference; lastKnownFileType = sourcecode.c.h; path = AppDelegate.h; sourceTree = "<group>"; };
		297E388818EA71EA00C0A2B5 /* AppDelegate.m */ = {isa = PBXFileReference; lastKnownFileType = sourcecode.c.objc; path = AppDelegate.m; sourceTree = "<group>"; };
		297E388A18EA71EA00C0A2B5 /* Images.xcassets */ = {isa = PBXFileReference; lastKnownFileType = folder.assetcatalog; path = Images.xcassets; sourceTree = "<group>"; };
		297E389018EA71EA00C0A2B5 /* FaceppDemoTests.xctest */ = {isa = PBXFileReference; explicitFileType = wrapper.cfbundle; includeInIndex = 0; path = FaceppDemoTests.xctest; sourceTree = BUILT_PRODUCTS_DIR; };
		297E389118EA71EA00C0A2B5 /* XCTest.framework */ = {isa = PBXFileReference; lastKnownFileType = wrapper.framework; name = XCTest.framework; path = Library/Frameworks/XCTest.framework; sourceTree = DEVELOPER_DIR; };
		297E389918EA71EA00C0A2B5 /* FaceppDemoTests-Info.plist */ = {isa = PBXFileReference; lastKnownFileType = text.plist.xml; path = "FaceppDemoTests-Info.plist"; sourceTree = "<group>"; };
		297E389B18EA71EA00C0A2B5 /* en */ = {isa = PBXFileReference; lastKnownFileType = text.plist.strings; name = en; path = en.lproj/InfoPlist.strings; sourceTree = "<group>"; };
		297E389D18EA71EA00C0A2B5 /* FaceppDemoTests.m */ = {isa = PBXFileReference; lastKnownFileType = sourcecode.c.objc; path = FaceppDemoTests.m; sourceTree = "<group>"; };
/* End PBXFileReference section */

/* Begin PBXFrameworksBuildPhase section */
		297E387218EA71EA00C0A2B5 /* Frameworks */ = {
			isa = PBXFrameworksBuildPhase;
			buildActionMask = 2147483647;
			files = (
				297E387B18EA71EA00C0A2B5 /* CoreGraphics.framework in Frameworks */,
				297E387D18EA71EA00C0A2B5 /* UIKit.framework in Frameworks */,
				297E387918EA71EA00C0A2B5 /* Foundation.framework in Frameworks */,
			);
			runOnlyForDeploymentPostprocessing = 0;
		};
		297E388D18EA71EA00C0A2B5 /* Frameworks */ = {
			isa = PBXFrameworksBuildPhase;
			buildActionMask = 2147483647;
			files = (
				297E389218EA71EA00C0A2B5 /* XCTest.framework in Frameworks */,
				297E389418EA71EA00C0A2B5 /* UIKit.framework in Frameworks */,
				297E389318EA71EA00C0A2B5 /* Foundation.framework in Frameworks */,
			);
			runOnlyForDeploymentPostprocessing = 0;
		};
/* End PBXFrameworksBuildPhase section */

/* Begin PBXGroup section */
		297E386C18EA71EA00C0A2B5 = {
			isa = PBXGroup;
			children = (
				297E387E18EA71EA00C0A2B5 /* FaceppDemo */,
				297E389718EA71EA00C0A2B5 /* FaceppDemoTests */,
				297E387718EA71EA00C0A2B5 /* Frameworks */,
				297E387618EA71EA00C0A2B5 /* Products */,
			);
			sourceTree = "<group>";
		};
		297E387618EA71EA00C0A2B5 /* Products */ = {
			isa = PBXGroup;
			children = (
				297E387518EA71EA00C0A2B5 /* FaceppDemo.app */,
				297E389018EA71EA00C0A2B5 /* FaceppDemoTests.xctest */,
			);
			name = Products;
			sourceTree = "<group>";
		};
		297E387718EA71EA00C0A2B5 /* Frameworks */ = {
			isa = PBXGroup;
			children = (
				297E387818EA71EA00C0A2B5 /* Foundation.framework */,
				297E387A18EA71EA00C0A2B5 /* CoreGraphics.framework */,
				297E387C18EA71EA00C0A2B5 /* UIKit.framework */,
				297E389118EA71EA00C0A2B5 /* XCTest.framework */,
			);
			name = Frameworks;
			sourceTree = "<group>";
		};
		297E387E18EA71EA00C0A2B5 /* FaceppDemo */ = {
			isa = PBXGroup;
			children = (
				297E388718EA71EA00C0A2B5 /* AppDelegate.h */,
				297E388818EA71EA00C0A2B5 /* AppDelegate.m */,
				297E388A18EA71EA00C0A2B5 /* Images.xcassets */,
				297E387F18EA71EA00C0A2B5 /* Supporting Files */,
			);
			path = FaceppDemo;
			sourceTree = "<group>";
		};
		297E387F18EA71EA00C0A2B5 /* Supporting Files */ = {
			isa = PBXGroup;
			children = (
				297E388018EA71EA00C0A2B5 /* FaceppDemo-Info.plist */,
				297E388118EA71EA00C0A2B5 /* InfoPlist.strings */,
				297E388418EA71EA00C0A2B5 /* main.m */,
				297E388618EA71EA00C0A2B5 /* FaceppDemo-Prefix.pch */,
			);
			name = "Supporting Files";
			sourceTree = "<group>";
		};
		297E389718EA71EA00C0A2B5 /* FaceppDemoTests */ = {
			isa = PBXGroup;
			children = (
				297E389D18EA71EA00C0A2B5 /* FaceppDemoTests.m */,
				297E389818EA71EA00C0A2B5 /* Supporting Files */,
			);
			path = FaceppDemoTests;
			sourceTree = "<group>";
		};
		297E389818EA71EA00C0A2B5 /* Supporting Files */ = {
			isa = PBXGroup;
			children = (
				297E389918EA71EA00C0A2B5 /* FaceppDemoTests-Info.plist */,
				297E389A18EA71EA00C0A2B5 /* InfoPlist.strings */,
			);
			name = "Supporting Files";
			sourceTree = "<group>";
		};
/* End PBXGroup section */

/* Begin PBXNativeTarget section */
		297E387418EA71EA00C0A2B5 /* FaceppDemo */ = {
			isa = PBXNativeTarget;
			buildConfigurationList = 297E38A118EA71EA00C0A2B5 /* Build configuration list for PBXNativeTarget "FaceppDemo" */;
			buildPhases = (
				297E387118EA71EA00C0A2B5 /* Sources */,
				297E387218EA71EA00C0A2B5 /* Frameworks */,
				297E387318EA71EA00C0A2B5 /* Resources */,
			);
			buildRules = (
			);
			dependencies = (
			);
			name = FaceppDemo;
			productName = FaceppDemo;
			productReference = 297E387518EA71EA00C0A2B5 /* FaceppDemo.app */;
			productType = "com.apple.product-type.application";
		};
		297E388F18EA71EA00C0A2B5 /* FaceppDemoTests */ = {
			isa = PBXNativeTarget;
			buildConfigurationList = 297E38A418EA71EA00C0A2B5 /* Build configuration list for PBXNativeTarget "FaceppDemoTests" */;
			buildPhases = (
				297E388C18EA71EA00C0A2B5 /* Sources */,
				297E388D18EA71EA00C0A2B5 /* Frameworks */,
				297E388E18EA71EA00C0A2B5 /* Resources */,
			);
			buildRules = (
			);
			dependencies = (
				297E389618EA71EA00C0A2B5 /* PBXTargetDependency */,
			);
			name = FaceppDemoTests;
			productName = FaceppDemoTests;
			productReference = 297E389018EA71EA00C0A2B5 /* FaceppDemoTests.xctest */;
			productType = "com.apple.product-type.bundle.unit-test";
		};
/* End PBXNativeTarget section */

/* Begin PBXProject section */
		297E386D18EA71EA00C0A2B5 /* Project object */ = {
			isa = PBXProject;
			attributes = {
				LastUpgradeCheck = 0510;
				ORGANIZATIONNAME = "shawnt22@gmail.com";
				TargetAttributes = {
					297E388F18EA71EA00C0A2B5 = {
						TestTargetID = 297E387418EA71EA00C0A2B5;
					};
				};
			};
			buildConfigurationList = 297E387018EA71EA00C0A2B5 /* Build configuration list for PBXProject "FaceppDemo" */;
			compatibilityVersion = "Xcode 3.2";
			developmentRegion = English;
			hasScannedForEncodings = 0;
			knownRegions = (
				en,
			);
			mainGroup = 297E386C18EA71EA00C0A2B5;
			productRefGroup = 297E387618EA71EA00C0A2B5 /* Products */;
			projectDirPath = "";
			projectRoot = "";
			targets = (
				297E387418EA71EA00C0A2B5 /* FaceppDemo */,
				297E388F18EA71EA00C0A2B5 /* FaceppDemoTests */,
			);
		};
/* End PBXProject section */

/* Begin PBXResourcesBuildPhase section */
		297E387318EA71EA00C0A2B5 /* Resources */ = {
			isa = PBXResourcesBuildPhase;
			buildActionMask = 2147483647;
			files = (
				297E388318EA71EA00C0A2B5 /* InfoPlist.strings in Resources */,
				297E388B18EA71EA00C0A2B5 /* Images.xcassets in Resources */,
			);
			runOnlyForDeploymentPostprocessing = 0;
		};
		297E388E18EA71EA00C0A2B5 /* Resources */ = {
			isa = PBXResourcesBuildPhase;
			buildActionMask = 2147483647;
			files = (
				297E389C18EA71EA00C0A2B5 /* InfoPlist.strings in Resources */,
			);
			runOnlyForDeploymentPostprocessing = 0;
		};
/* End PBXResourcesBuildPhase section */

/* Begin PBXSourcesBuildPhase section */
		297E387118EA71EA00C0A2B5 /* Sources */ = {
			isa = PBXSourcesBuildPhase;
			buildActionMask = 2147483647;
			files = (
				297E388918EA71EA00C0A2B5 /* AppDelegate.m in Sources */,
				297E388518EA71EA00C0A2B5 /* main.m in Sources */,
			);
			runOnlyForDeploymentPostprocessing = 0;
		};
		297E388C18EA71EA00C0A2B5 /* Sources */ = {
			isa = PBXSourcesBuildPhase;
			buildActionMask = 2147483647;
			files = (
				297E389E18EA71EA00C0A2B5 /* FaceppDemoTests.m in Sources */,
			);
			runOnlyForDeploymentPostprocessing = 0;
		};
/* End PBXSourcesBuildPhase section */

/* Begin PBXTargetDependency section */
		297E389618EA71EA00C0A2B5 /* PBXTargetDependency */ = {
			isa = PBXTargetDependency;
			target = 297E387418EA71EA00C0A2B5 /* FaceppDemo */;
			targetProxy = 297E389518EA71EA00C0A2B5 /* PBXContainerItemProxy */;
		};
/* End PBXTargetDependency section */

/* Begin PBXVariantGroup section */
		297E388118EA71EA00C0A2B5 /* InfoPlist.strings */ = {
			isa = PBXVariantGroup;
			children = (
				297E388218EA71EA00C0A2B5 /* en */,
			);
			name = InfoPlist.strings;
			sourceTree = "<group>";
		};
		297E389A18EA71EA00C0A2B5 /* InfoPlist.strings */ = {
			isa = PBXVariantGroup;
			children = (
				297E389B18EA71EA00C0A2B5 /* en */,
			);
			name = InfoPlist.strings;
			sourceTree = "<group>";
		};
/* End PBXVariantGroup section */

/* Begin XCBuildConfiguration section */
		297E389F18EA71EA00C0A2B5 /* Debug */ = {
			isa = XCBuildConfiguration;
			buildSettings = {
				ALWAYS_SEARCH_USER_PATHS = NO;
				CLANG_CXX_LANGUAGE_STANDARD = "gnu++0x";
				CLANG_CXX_LIBRARY = "libc++";
				CLANG_ENABLE_MODULES = YES;
				CLANG_ENABLE_OBJC_ARC = YES;
				CLANG_WARN_BOOL_CONVERSION = YES;
				CLANG_WARN_CONSTANT_CONVERSION = YES;
				CLANG_WARN_DIRECT_OBJC_ISA_USAGE = YES_ERROR;
				CLANG_WARN_EMPTY_BODY = YES;
				CLANG_WARN_ENUM_CONVERSION = YES;
				CLANG_WARN_INT_CONVERSION = YES;
				CLANG_WARN_OBJC_ROOT_CLASS = YES_ERROR;
				CLANG_WARN__DUPLICATE_METHOD_MATCH = YES;
				"CODE_SIGN_IDENTITY[sdk=iphoneos*]" = "iPhone Developer";
				COPY_PHASE_STRIP = NO;
				GCC_C_LANGUAGE_STANDARD = gnu99;
				GCC_DYNAMIC_NO_PIC = NO;
				GCC_OPTIMIZATION_LEVEL = 0;
				GCC_PREPROCESSOR_DEFINITIONS = (
					"DEBUG=1",
					"$(inherited)",
				);
				GCC_SYMBOLS_PRIVATE_EXTERN = NO;
				GCC_WARN_64_TO_32_BIT_CONVERSION = YES;
				GCC_WARN_ABOUT_RETURN_TYPE = YES_ERROR;
				GCC_WARN_UNDECLARED_SELECTOR = YES;
				GCC_WARN_UNINITIALIZED_AUTOS = YES_AGGRESSIVE;
				GCC_WARN_UNUSED_FUNCTION = YES;
				GCC_WARN_UNUSED_VARIABLE = YES;
				IPHONEOS_DEPLOYMENT_TARGET = 7.1;
				ONLY_ACTIVE_ARCH = YES;
				SDKROOT = iphoneos;
			};
			name = Debug;
		};
		297E38A018EA71EA00C0A2B5 /* Release */ = {
			isa = XCBuildConfiguration;
			buildSettings = {
				ALWAYS_SEARCH_USER_PATHS = NO;
				CLANG_CXX_LANGUAGE_STANDARD = "gnu++0x";
				CLANG_CXX_LIBRARY = "libc++";
				CLANG_ENABLE_MODULES = YES;
				CLANG_ENABLE_OBJC_ARC = YES;
				CLANG_WARN_BOOL_CONVERSION = YES;
				CLANG_WARN_CONSTANT_CONVERSION = YES;
				CLANG_WARN_DIRECT_OBJC_ISA_USAGE = YES_ERROR;
				CLANG_WARN_EMPTY_BODY = YES;
				CLANG_WARN_ENUM_CONVERSION = YES;
				CLANG_WARN_INT_CONVERSION = YES;
				CLANG_WARN_OBJC_ROOT_CLASS = YES_ERROR;
				CLANG_WARN__DUPLICATE_METHOD_MATCH = YES;
				"CODE_SIGN_IDENTITY[sdk=iphoneos*]" = "iPhone Developer";
				COPY_PHASE_STRIP = YES;
				ENABLE_NS_ASSERTIONS = NO;
				GCC_C_LANGUAGE_STANDARD = gnu99;
				GCC_WARN_64_TO_32_BIT_CONVERSION = YES;
				GCC_WARN_ABOUT_RETURN_TYPE = YES_ERROR;
				GCC_WARN_UNDECLARED_SELECTOR = YES;
				GCC_WARN_UNINITIALIZED_AUTOS = YES_AGGRESSIVE;
				GCC_WARN_UNUSED_FUNCTION = YES;
				GCC_WARN_UNUSED_VARIABLE = YES;
				IPHONEOS_DEPLOYMENT_TARGET = 7.1;
				SDKROOT = iphoneos;
				VALIDATE_PRODUCT = YES;
			};
			name = Release;
		};
		297E38A218EA71EA00C0A2B5 /* Debug */ = {
			isa = XCBuildConfiguration;
			buildSettings = {
				ASSETCATALOG_COMPILER_APPICON_NAME = AppIcon;
				ASSETCATALOG_COMPILER_LAUNCHIMAGE_NAME = LaunchImage;
				GCC_PRECOMPILE_PREFIX_HEADER = YES;
				GCC_PREFIX_HEADER = "FaceppDemo/FaceppDemo-Prefix.pch";
				INFOPLIST_FILE = "FaceppDemo/FaceppDemo-Info.plist";
				PRODUCT_NAME = "$(TARGET_NAME)";
				WRAPPER_EXTENSION = app;
			};
			name = Debug;
		};
		297E38A318EA71EA00C0A2B5 /* Release */ = {
			isa = XCBuildConfiguration;
			buildSettings = {
				ASSETCATALOG_COMPILER_APPICON_NAME = AppIcon;
				ASSETCATALOG_COMPILER_LAUNCHIMAGE_NAME = LaunchImage;
				GCC_PRECOMPILE_PREFIX_HEADER = YES;
				GCC_PREFIX_HEADER = "FaceppDemo/FaceppDemo-Prefix.pch";
				INFOPLIST_FILE = "FaceppDemo/FaceppDemo-Info.plist";
				PRODUCT_NAME = "$(TARGET_NAME)";
				WRAPPER_EXTENSION = app;
			};
			name = Release;
		};
		297E38A518EA71EA00C0A2B5 /* Debug */ = {
			isa = XCBuildConfiguration;
			buildSettings = {
				BUNDLE_LOADER = "$(BUILT_PRODUCTS_DIR)/FaceppDemo.app/FaceppDemo";
				FRAMEWORK_SEARCH_PATHS = (
					"$(SDKROOT)/Developer/Library/Frameworks",
					"$(inherited)",
					"$(DEVELOPER_FRAMEWORKS_DIR)",
				);
				GCC_PRECOMPILE_PREFIX_HEADER = YES;
				GCC_PREFIX_HEADER = "FaceppDemo/FaceppDemo-Prefix.pch";
				GCC_PREPROCESSOR_DEFINITIONS = (
					"DEBUG=1",
					"$(inherited)",
				);
				INFOPLIST_FILE = "FaceppDemoTests/FaceppDemoTests-Info.plist";
				PRODUCT_NAME = "$(TARGET_NAME)";
				TEST_HOST = "$(BUNDLE_LOADER)";
				WRAPPER_EXTENSION = xctest;
			};
			name = Debug;
		};
		297E38A618EA71EA00C0A2B5 /* Release */ = {
			isa = XCBuildConfiguration;
			buildSettings = {
				BUNDLE_LOADER = "$(BUILT_PRODUCTS_DIR)/FaceppDemo.app/FaceppDemo";
				FRAMEWORK_SEARCH_PATHS = (
					"$(SDKROOT)/Developer/Library/Frameworks",
					"$(inherited)",
					"$(DEVELOPER_FRAMEWORKS_DIR)",
				);
				GCC_PRECOMPILE_PREFIX_HEADER = YES;
				GCC_PREFIX_HEADER = "FaceppDemo/FaceppDemo-Prefix.pch";
				INFOPLIST_FILE = "FaceppDemoTests/FaceppDemoTests-Info.plist";
				PRODUCT_NAME = "$(TARGET_NAME)";
				TEST_HOST = "$(BUNDLE_LOADER)";
				WRAPPER_EXTENSION = xctest;
			};
			name = Release;
		};
/* End XCBuildConfiguration section */

/* Begin XCConfigurationList section */
		297E387018EA71EA00C0A2B5 /* Build configuration list for PBXProject "FaceppDemo" */ = {
			isa = XCConfigurationList;
			buildConfigurations = (
				297E389F18EA71EA00C0A2B5 /* Debug */,
				297E38A018EA71EA00C0A2B5 /* Release */,
			);
			defaultConfigurationIsVisible = 0;
			defaultConfigurationName = Release;
		};
		297E38A118EA71EA00C0A2B5 /* Build configuration list for PBXNativeTarget "FaceppDemo" */ = {
			isa = XCConfigurationList;
			buildConfigurations = (
				297E38A218EA71EA00C0A2B5 /* Debug */,
				297E38A318EA71EA00C0A2B5 /* Release */,
			);
			defaultConfigurationIsVisible = 0;
		};
		297E38A418EA71EA00C0A2B5 /* Build configuration list for PBXNativeTarget "FaceppDemoTests" */ = {
			isa = XCConfigurationList;
			buildConfigurations = (
				297E38A518EA71EA00C0A2B5 /* Debug */,
				297E38A618EA71EA00C0A2B5 /* Release */,
			);
			defaultConfigurationIsVisible = 0;
		};
/* End XCConfigurationList section */
	};
	rootObject = 297E386D18EA71EA00C0A2B5 /* Project object */;
}
